{
  "name": "wp-plugin-settings",
  "version": "1.0.0",
  "lockfileVersion": 1,
  "requires": true,
  "dependencies": {
    "debug": {
      "version": "git://github.com/gmcdev/debug.git#0110ebec46d1cea08ca7cd927f6e7e12f0f92cab",
      "requires": {
        "escape-string-regexp": "1.0.5",
        "ms": "2.0.0"
      }
    },
    "escape-string-regexp": {
      "version": "1.0.5",
      "resolved": "https://registry.npmjs.org/escape-string-regexp/-/escape-string-regexp-1.0.5.tgz",
      "integrity": "sha1-G2HAViGQqN/2rjuyzwIAyhMLhtQ="
    },
    "hooks-regex": {
      "version": "git://github.com/ff0000-ad-tech/hooks-regex.git#bc0585d82cf73b45f9e91ce0cd04937df745e454",
      "requires": {
        "named-regexp-groups": "1.0.2"
      }
    },
    "lodash": {
      "version": "4.17.4",
      "resolved": "https://registry.npmjs.org/lodash/-/lodash-4.17.4.tgz",
      "integrity": "sha1-eCA6TRwyiuHYbcpkYONptX9AVa4="
    },
    "ms": {
      "version": "2.0.0",
      "resolved": "https://registry.npmjs.org/ms/-/ms-2.0.0.tgz",
      "integrity": "sha1-VgiurfwAvmwpAd9fmGF4jeDVl8g="
    },
    "named-regexp-groups": {
      "version": "1.0.2",
      "resolved": "https://registry.npmjs.org/named-regexp-groups/-/named-regexp-groups-1.0.2.tgz",
      "integrity": "sha1-eIIyqQ8Om5c7eb4iQklrGzg7Bn8="
    },
    "prepend-http": {
      "version": "2.0.0",
      "resolved": "https://registry.npmjs.org/prepend-http/-/prepend-http-2.0.0.tgz",
      "integrity": "sha1-6SQ0v6XqjBn0HN/UAddBo8gZ2Jc="
    },
    "require-from-string": {
      "version": "2.0.1",
      "resolved": "https://registry.npmjs.org/require-from-string/-/require-from-string-2.0.1.tgz",
      "integrity": "sha1-xUUjPp19pmFunVmt+zn8n1iGdv8="
    },
    "traverse": {
      "version": "0.6.6",
      "resolved": "https://registry.npmjs.org/traverse/-/traverse-0.6.6.tgz",
      "integrity": "sha1-y99WD9e5r2MlAv7UD5GMFX6pcTc="
    },
    "wp-deploy-manager": {
      "version": "git://github.com/ff0000-ad-tech/wp-deploy-manager.git#fe247daf39f7f70b23e15951e2c2fb4e576b0628",
      "requires": {
        "escape-string-regexp": "1.0.5",
        "hooks-regex": "git://github.com/ff0000-ad-tech/hooks-regex.git#bc0585d82cf73b45f9e91ce0cd04937df745e454",
        "lodash": "4.17.4",
        "traverse": "0.6.6"
      }
    }
  }
}
